
Microsoft Visual Studio Solution File, Format Version 12.00
# Visual Studio Version 17
VisualStudioVersion = 17.0.31903.59
MinimumVisualStudioVersion = 10.0.40219.1
Project("{FAE04EC0-301F-11D3-BF4B-00C04F79EFBC}") = "RightSize", "RightSize\RightSize.csproj", "{78E8897F-4509-4F1A-96DC-11EB833F1E71}"
EndProject
Project("{FAE04EC0-301F-11D3-BF4B-00C04F79EFBC}") = "ChangeString", "ChangeString\ChangeString.csproj", "{7658B0A9-496B-4C09-A834-EE0F3AC5F9C7}"
EndProject
Project("{FAE04EC0-301F-11D3-BF4B-00C04F79EFBC}") = "ArrayMult", "ArrayMult\ArrayMult.csproj", "{D897C326-26A5-49B4-97DC-A98FC6C10431}"
EndProject
Project("{FAE04EC0-301F-11D3-BF4B-00C04F79EFBC}") = "HeroPerks", "HeroPerks\HeroPerks.csproj", "{250DF1BB-9560-43C9-8FB5-46DDE8BD182A}"
EndProject
Project("{FAE04EC0-301F-11D3-BF4B-00C04F79EFBC}") = "PowTwoUntil", "PowTwoUntil\PowTwoUntil.csproj", "{7D3DD3FC-D4B1-43F9-A4C6-CF07C6B75D8B}"
EndProject
Project("{FAE04EC0-301F-11D3-BF4B-00C04F79EFBC}") = "FamousQuotes", "FamousQuotes\FamousQuotes.csproj", "{8D04DDEA-6D29-46BA-B3BC-56F63FB15726}"
EndProject
Project("{FAE04EC0-301F-11D3-BF4B-00C04F79EFBC}") = "RPS", "RPS\RPS.csproj", "{949CC242-AC70-435D-8CA4-172C4B79B6AE}"
EndProject
Project("{FAE04EC0-301F-11D3-BF4B-00C04F79EFBC}") = "PlayerPowers", "PlayerPowers\PlayerPowers.csproj", "{5327192D-3ED2-42D5-82E2-0DD84C923A44}"
EndProject
Global
	GlobalSection(SolutionConfigurationPlatforms) = preSolution
		Debug|Any CPU = Debug|Any CPU
		Release|Any CPU = Release|Any CPU
	EndGlobalSection
	GlobalSection(SolutionProperties) = preSolution
		HideSolutionNode = FALSE
	EndGlobalSection
	GlobalSection(ProjectConfigurationPlatforms) = postSolution
		{78E8897F-4509-4F1A-96DC-11EB833F1E71}.Debug|Any CPU.ActiveCfg = Debug|Any CPU
		{78E8897F-4509-4F1A-96DC-11EB833F1E71}.Debug|Any CPU.Build.0 = Debug|Any CPU
		{78E8897F-4509-4F1A-96DC-11EB833F1E71}.Release|Any CPU.ActiveCfg = Release|Any CPU
		{78E8897F-4509-4F1A-96DC-11EB833F1E71}.Release|Any CPU.Build.0 = Release|Any CPU
		{7658B0A9-496B-4C09-A834-EE0F3AC5F9C7}.Debug|Any CPU.ActiveCfg = Debug|Any CPU
		{7658B0A9-496B-4C09-A834-EE0F3AC5F9C7}.Debug|Any CPU.Build.0 = Debug|Any CPU
		{7658B0A9-496B-4C09-A834-EE0F3AC5F9C7}.Release|Any CPU.ActiveCfg = Release|Any CPU
		{7658B0A9-496B-4C09-A834-EE0F3AC5F9C7}.Release|Any CPU.Build.0 = Release|Any CPU
		{D897C326-26A5-49B4-97DC-A98FC6C10431}.Debug|Any CPU.ActiveCfg = Debug|Any CPU
		{D897C326-26A5-49B4-97DC-A98FC6C10431}.Debug|Any CPU.Build.0 = Debug|Any CPU
		{D897C326-26A5-49B4-97DC-A98FC6C10431}.Release|Any CPU.ActiveCfg = Release|Any CPU
		{D897C326-26A5-49B4-97DC-A98FC6C10431}.Release|Any CPU.Build.0 = Release|Any CPU
		{250DF1BB-9560-43C9-8FB5-46DDE8BD182A}.Debug|Any CPU.ActiveCfg = Debug|Any CPU
		{250DF1BB-9560-43C9-8FB5-46DDE8BD182A}.Debug|Any CPU.Build.0 = Debug|Any CPU
		{250DF1BB-9560-43C9-8FB5-46DDE8BD182A}.Release|Any CPU.ActiveCfg = Release|Any CPU
		{250DF1BB-9560-43C9-8FB5-46DDE8BD182A}.Release|Any CPU.Build.0 = Release|Any CPU
		{7D3DD3FC-D4B1-43F9-A4C6-CF07C6B75D8B}.Debug|Any CPU.ActiveCfg = Debug|Any CPU
		{7D3DD3FC-D4B1-43F9-A4C6-CF07C6B75D8B}.Debug|Any CPU.Build.0 = Debug|Any CPU
		{7D3DD3FC-D4B1-43F9-A4C6-CF07C6B75D8B}.Release|Any CPU.ActiveCfg = Release|Any CPU
		{7D3DD3FC-D4B1-43F9-A4C6-CF07C6B75D8B}.Release|Any CPU.Build.0 = Release|Any CPU
		{8D04DDEA-6D29-46BA-B3BC-56F63FB15726}.Debug|Any CPU.ActiveCfg = Debug|Any CPU
		{8D04DDEA-6D29-46BA-B3BC-56F63FB15726}.Debug|Any CPU.Build.0 = Debug|Any CPU
		{8D04DDEA-6D29-46BA-B3BC-56F63FB15726}.Release|Any CPU.ActiveCfg = Release|Any CPU
		{8D04DDEA-6D29-46BA-B3BC-56F63FB15726}.Release|Any CPU.Build.0 = Release|Any CPU
		{949CC242-AC70-435D-8CA4-172C4B79B6AE}.Debug|Any CPU.ActiveCfg = Debug|Any CPU
		{949CC242-AC70-435D-8CA4-172C4B79B6AE}.Debug|Any CPU.Build.0 = Debug|Any CPU
		{949CC242-AC70-435D-8CA4-172C4B79B6AE}.Release|Any CPU.ActiveCfg = Release|Any CPU
		{949CC242-AC70-435D-8CA4-172C4B79B6AE}.Release|Any CPU.Build.0 = Release|Any CPU
		{5327192D-3ED2-42D5-82E2-0DD84C923A44}.Debug|Any CPU.ActiveCfg = Debug|Any CPU
		{5327192D-3ED2-42D5-82E2-0DD84C923A44}.Debug|Any CPU.Build.0 = Debug|Any CPU
		{5327192D-3ED2-42D5-82E2-0DD84C923A44}.Release|Any CPU.ActiveCfg = Release|Any CPU
		{5327192D-3ED2-42D5-82E2-0DD84C923A44}.Release|Any CPU.Build.0 = Release|Any CPU
	EndGlobalSection
EndGlobal
